// !$*UTF8*$!
{
	archiveVersion = 1;
	classes = {
	};
	objectVersion = 56;
	objects = {

/* Begin PBXBuildFile section */
		136338122C418DAD00B3CD26 /* Assets.xcassets in Resources */ = {isa = PBXBuildFile; fileRef = 13F9CB6E2C3AF90A0045F367 /* Assets.xcassets */; };
		136338132C418FC000B3CD26 /* Assets.xcassets in Resources */ = {isa = PBXBuildFile; fileRef = 13F9CB6E2C3AF90A0045F367 /* Assets.xcassets */; };
		13F9CB5E2C3AF9090045F367 /* AppDelegate.swift in Sources */ = {isa = PBXBuildFile; fileRef = 13F9CB5D2C3AF9090045F367 /* AppDelegate.swift */; };
		13F9CB622C3AF9090045F367 /* Base in Resources */ = {isa = PBXBuildFile; fileRef = 13F9CB612C3AF9090045F367 /* Base */; };
		13F9CB642C3AF9090045F367 /* Icon.png in Resources */ = {isa = PBXBuildFile; fileRef = 13F9CB632C3AF9090045F367 /* Icon.png */; };
		13F9CB662C3AF9090045F367 /* Style.css in Resources */ = {isa = PBXBuildFile; fileRef = 13F9CB652C3AF9090045F367 /* Style.css */; };
		13F9CB682C3AF9090045F367 /* Script.js in Resources */ = {isa = PBXBuildFile; fileRef = 13F9CB672C3AF9090045F367 /* Script.js */; };
		13F9CB6A2C3AF9090045F367 /* ViewController.swift in Sources */ = {isa = PBXBuildFile; fileRef = 13F9CB692C3AF9090045F367 /* ViewController.swift */; };
		13F9CB6D2C3AF9090045F367 /* Base in Resources */ = {isa = PBXBuildFile; fileRef = 13F9CB6C2C3AF9090045F367 /* Base */; };
		13F9CB772C3AF90A0045F367 /* odoo-debug Extension.appex in Embed Foundation Extensions */ = {isa = PBXBuildFile; fileRef = 13F9CB762C3AF90A0045F367 /* odoo-debug Extension.appex */; settings = {ATTRIBUTES = (RemoveHeadersOnCopy, ); }; };
		13F9CB7C2C3AF90A0045F367 /* SafariWebExtensionHandler.swift in Sources */ = {isa = PBXBuildFile; fileRef = 13F9CB7B2C3AF90A0045F367 /* SafariWebExtensionHandler.swift */; };
		13F9CB7F2C3AF90A0045F367 /* _locales in Resources */ = {isa = PBXBuildFile; fileRef = 13F9CB7E2C3AF90A0045F367 /* _locales */; };
		13F9CB812C3AF90A0045F367 /* images in Resources */ = {isa = PBXBuildFile; fileRef = 13F9CB802C3AF90A0045F367 /* images */; };
		13F9CB832C3AF90A0045F367 /* manifest.json in Resources */ = {isa = PBXBuildFile; fileRef = 13F9CB822C3AF90A0045F367 /* manifest.json */; };
		13F9CB852C3AF90A0045F367 /* background.js in Resources */ = {isa = PBXBuildFile; fileRef = 13F9CB842C3AF90A0045F367 /* background.js */; };
		13F9CB872C3AF90A0045F367 /* login-buttons.js in Resources */ = {isa = PBXBuildFile; fileRef = 13F9CB862C3AF90A0045F367 /* login-buttons.js */; };
		13F9CB892C3AF90A0045F367 /* popup.html in Resources */ = {isa = PBXBuildFile; fileRef = 13F9CB882C3AF90A0045F367 /* popup.html */; };
		13F9CB8B2C3AF90A0045F367 /* popup.css in Resources */ = {isa = PBXBuildFile; fileRef = 13F9CB8A2C3AF90A0045F367 /* popup.css */; };
		13F9CB8D2C3AF90A0045F367 /* popup.js in Resources */ = {isa = PBXBuildFile; fileRef = 13F9CB8C2C3AF90A0045F367 /* popup.js */; };
/* End PBXBuildFile section */

/* Begin PBXContainerItemProxy section */
		13F9CB782C3AF90A0045F367 /* PBXContainerItemProxy */ = {
			isa = PBXContainerItemProxy;
			containerPortal = 13F9CB522C3AF9090045F367 /* Project object */;
			proxyType = 1;
			remoteGlobalIDString = 13F9CB752C3AF90A0045F367;
			remoteInfo = "odoo-debug Extension";
		};
/* End PBXContainerItemProxy section */

/* Begin PBXCopyFilesBuildPhase section */
		13F9CB952C3AF90A0045F367 /* Embed Foundation Extensions */ = {
			isa = PBXCopyFilesBuildPhase;
			buildActionMask = 2147483647;
			dstPath = "";
			dstSubfolderSpec = 13;
			files = (
				13F9CB772C3AF90A0045F367 /* odoo-debug Extension.appex in Embed Foundation Extensions */,
			);
			name = "Embed Foundation Extensions";
			runOnlyForDeploymentPostprocessing = 0;
		};
/* End PBXCopyFilesBuildPhase section */

/* Begin PBXFileReference section */
		13F9CB5A2C3AF9090045F367 /* odoo-debug.app */ = {isa = PBXFileReference; explicitFileType = wrapper.application; includeInIndex = 0; path = "odoo-debug.app"; sourceTree = BUILT_PRODUCTS_DIR; };
		13F9CB5D2C3AF9090045F367 /* AppDelegate.swift */ = {isa = PBXFileReference; lastKnownFileType = sourcecode.swift; path = AppDelegate.swift; sourceTree = "<group>"; };
		13F9CB612C3AF9090045F367 /* Base */ = {isa = PBXFileReference; lastKnownFileType = text.html; name = Base; path = ../Base.lproj/Main.html; sourceTree = "<group>"; };
		13F9CB632C3AF9090045F367 /* Icon.png */ = {isa = PBXFileReference; lastKnownFileType = image.png; path = Icon.png; sourceTree = "<group>"; };
		13F9CB652C3AF9090045F367 /* Style.css */ = {isa = PBXFileReference; lastKnownFileType = text.css; path = Style.css; sourceTree = "<group>"; };
		13F9CB672C3AF9090045F367 /* Script.js */ = {isa = PBXFileReference; lastKnownFileType = sourcecode.javascript; path = Script.js; sourceTree = "<group>"; };
		13F9CB692C3AF9090045F367 /* ViewController.swift */ = {isa = PBXFileReference; lastKnownFileType = sourcecode.swift; path = ViewController.swift; sourceTree = "<group>"; };
		13F9CB6C2C3AF9090045F367 /* Base */ = {isa = PBXFileReference; lastKnownFileType = file.storyboard; name = Base; path = Base.lproj/Main.storyboard; sourceTree = "<group>"; };
		13F9CB6E2C3AF90A0045F367 /* Assets.xcassets */ = {isa = PBXFileReference; lastKnownFileType = folder.assetcatalog; name = Assets.xcassets; path = "odoo-debug/Assets.xcassets"; sourceTree = SOURCE_ROOT; };
		13F9CB702C3AF90A0045F367 /* odoo_debug.entitlements */ = {isa = PBXFileReference; lastKnownFileType = text.plist.entitlements; path = odoo_debug.entitlements; sourceTree = "<group>"; };
		13F9CB712C3AF90A0045F367 /* odoo-debug.entitlements */ = {isa = PBXFileReference; lastKnownFileType = text.plist.entitlements; path = "odoo-debug.entitlements"; sourceTree = "<group>"; };
		13F9CB762C3AF90A0045F367 /* odoo-debug Extension.appex */ = {isa = PBXFileReference; explicitFileType = "wrapper.app-extension"; includeInIndex = 0; path = "odoo-debug Extension.appex"; sourceTree = BUILT_PRODUCTS_DIR; };
		13F9CB7B2C3AF90A0045F367 /* SafariWebExtensionHandler.swift */ = {isa = PBXFileReference; lastKnownFileType = sourcecode.swift; path = SafariWebExtensionHandler.swift; sourceTree = "<group>"; };
		13F9CB7E2C3AF90A0045F367 /* _locales */ = {isa = PBXFileReference; lastKnownFileType = folder; path = _locales; sourceTree = "<group>"; };
		13F9CB802C3AF90A0045F367 /* images */ = {isa = PBXFileReference; lastKnownFileType = folder; path = images; sourceTree = "<group>"; };
		13F9CB822C3AF90A0045F367 /* manifest.json */ = {isa = PBXFileReference; lastKnownFileType = text.json; path = manifest.json; sourceTree = "<group>"; };
		13F9CB842C3AF90A0045F367 /* background.js */ = {isa = PBXFileReference; lastKnownFileType = sourcecode.javascript; path = background.js; sourceTree = "<group>"; };
		13F9CB862C3AF90A0045F367 /* login-buttons.js */ = {isa = PBXFileReference; lastKnownFileType = sourcecode.javascript; path = login-buttons.js; sourceTree = "<group>"; };
		13F9CB882C3AF90A0045F367 /* popup.html */ = {isa = PBXFileReference; lastKnownFileType = text.html; path = popup.html; sourceTree = "<group>"; };
		13F9CB8A2C3AF90A0045F367 /* popup.css */ = {isa = PBXFileReference; lastKnownFileType = text.css; path = popup.css; sourceTree = "<group>"; };
		13F9CB8C2C3AF90A0045F367 /* popup.js */ = {isa = PBXFileReference; lastKnownFileType = sourcecode.javascript; path = popup.js; sourceTree = "<group>"; };
		13F9CB8E2C3AF90A0045F367 /* Info.plist */ = {isa = PBXFileReference; lastKnownFileType = text.plist.xml; path = Info.plist; sourceTree = "<group>"; };
		13F9CB8F2C3AF90A0045F367 /* odoo_debug_Extension.entitlements */ = {isa = PBXFileReference; lastKnownFileType = text.plist.entitlements; path = odoo_debug_Extension.entitlements; sourceTree = "<group>"; };
/* End PBXFileReference section */

/* Begin PBXFrameworksBuildPhase section */
		13F9CB572C3AF9090045F367 /* Frameworks */ = {
			isa = PBXFrameworksBuildPhase;
			buildActionMask = 2147483647;
			files = (
			);
			runOnlyForDeploymentPostprocessing = 0;
		};
		13F9CB732C3AF90A0045F367 /* Frameworks */ = {
			isa = PBXFrameworksBuildPhase;
			buildActionMask = 2147483647;
			files = (
			);
			runOnlyForDeploymentPostprocessing = 0;
		};
/* End PBXFrameworksBuildPhase section */

/* Begin PBXGroup section */
		13F9CB512C3AF9090045F367 = {
			isa = PBXGroup;
			children = (
				13F9CB5C2C3AF9090045F367 /* odoo-debug */,
				13F9CB7A2C3AF90A0045F367 /* odoo-debug Extension */,
				13F9CB5B2C3AF9090045F367 /* Products */,
			);
			sourceTree = "<group>";
		};
		13F9CB5B2C3AF9090045F367 /* Products */ = {
			isa = PBXGroup;
			children = (
				13F9CB5A2C3AF9090045F367 /* odoo-debug.app */,
				13F9CB762C3AF90A0045F367 /* odoo-debug Extension.appex */,
			);
			name = Products;
			sourceTree = "<group>";
		};
		13F9CB5C2C3AF9090045F367 /* odoo-debug */ = {
			isa = PBXGroup;
			children = (
				13F9CB5D2C3AF9090045F367 /* AppDelegate.swift */,
				13F9CB692C3AF9090045F367 /* ViewController.swift */,
				13F9CB6B2C3AF9090045F367 /* Main.storyboard */,
				13F9CB6E2C3AF90A0045F367 /* Assets.xcassets */,
				13F9CB702C3AF90A0045F367 /* odoo_debug.entitlements */,
				13F9CB712C3AF90A0045F367 /* odoo-debug.entitlements */,
				13F9CB5F2C3AF9090045F367 /* Resources */,
			);
			path = "odoo-debug";
			sourceTree = "<group>";
		};
		13F9CB5F2C3AF9090045F367 /* Resources */ = {
			isa = PBXGroup;
			children = (
				13F9CB602C3AF9090045F367 /* Main.html */,
				13F9CB632C3AF9090045F367 /* Icon.png */,
				13F9CB652C3AF9090045F367 /* Style.css */,
				13F9CB672C3AF9090045F367 /* Script.js */,
			);
			path = Resources;
			sourceTree = "<group>";
		};
		13F9CB7A2C3AF90A0045F367 /* odoo-debug Extension */ = {
			isa = PBXGroup;
			children = (
				13F9CB7B2C3AF90A0045F367 /* SafariWebExtensionHandler.swift */,
				13F9CB8E2C3AF90A0045F367 /* Info.plist */,
				13F9CB8F2C3AF90A0045F367 /* odoo_debug_Extension.entitlements */,
				13F9CB7D2C3AF90A0045F367 /* Resources */,
			);
			path = "odoo-debug Extension";
			sourceTree = "<group>";
		};
		13F9CB7D2C3AF90A0045F367 /* Resources */ = {
			isa = PBXGroup;
			children = (
				13F9CB7E2C3AF90A0045F367 /* _locales */,
				13F9CB802C3AF90A0045F367 /* images */,
				13F9CB822C3AF90A0045F367 /* manifest.json */,
				13F9CB842C3AF90A0045F367 /* background.js */,
				13F9CB862C3AF90A0045F367 /* login-buttons.js */,
				13F9CB882C3AF90A0045F367 /* popup.html */,
				13F9CB8A2C3AF90A0045F367 /* popup.css */,
				13F9CB8C2C3AF90A0045F367 /* popup.js */,
			);
			path = Resources;
			sourceTree = "<group>";
		};
/* End PBXGroup section */

/* Begin PBXNativeTarget section */
		13F9CB592C3AF9090045F367 /* odoo-debug */ = {
			isa = PBXNativeTarget;
			buildConfigurationList = 13F9CB962C3AF90A0045F367 /* Build configuration list for PBXNativeTarget "odoo-debug" */;
			buildPhases = (
				13F9CB562C3AF9090045F367 /* Sources */,
				13F9CB572C3AF9090045F367 /* Frameworks */,
				13F9CB582C3AF9090045F367 /* Resources */,
				13F9CB952C3AF90A0045F367 /* Embed Foundation Extensions */,
			);
			buildRules = (
			);
			dependencies = (
				13F9CB792C3AF90A0045F367 /* PBXTargetDependency */,
			);
			name = "odoo-debug";
			productName = "odoo-debug";
			productReference = 13F9CB5A2C3AF9090045F367 /* odoo-debug.app */;
			productType = "com.apple.product-type.application";
		};
		13F9CB752C3AF90A0045F367 /* odoo-debug Extension */ = {
			isa = PBXNativeTarget;
			buildConfigurationList = 13F9CB922C3AF90A0045F367 /* Build configuration list for PBXNativeTarget "odoo-debug Extension" */;
			buildPhases = (
				13F9CB722C3AF90A0045F367 /* Sources */,
				13F9CB732C3AF90A0045F367 /* Frameworks */,
				13F9CB742C3AF90A0045F367 /* Resources */,
			);
			buildRules = (
			);
			dependencies = (
			);
			name = "odoo-debug Extension";
			productName = "odoo-debug Extension";
			productReference = 13F9CB762C3AF90A0045F367 /* odoo-debug Extension.appex */;
			productType = "com.apple.product-type.app-extension";
		};
/* End PBXNativeTarget section */

/* Begin PBXProject section */
		13F9CB522C3AF9090045F367 /* Project object */ = {
			isa = PBXProject;
			attributes = {
				BuildIndependentTargetsInParallel = 1;
				LastSwiftUpdateCheck = 1540;
				LastUpgradeCheck = 1540;
				TargetAttributes = {
					13F9CB592C3AF9090045F367 = {
						CreatedOnToolsVersion = 15.4;
					};
					13F9CB752C3AF90A0045F367 = {
						CreatedOnToolsVersion = 15.4;
					};
				};
			};
			buildConfigurationList = 13F9CB552C3AF9090045F367 /* Build configuration list for PBXProject "odoo-debug" */;
			compatibilityVersion = "Xcode 14.0";
			developmentRegion = en;
			hasScannedForEncodings = 0;
			knownRegions = (
				en,
				Base,
			);
			mainGroup = 13F9CB512C3AF9090045F367;
			productRefGroup = 13F9CB5B2C3AF9090045F367 /* Products */;
			projectDirPath = "";
			projectRoot = "";
			targets = (
				13F9CB592C3AF9090045F367 /* odoo-debug */,
				13F9CB752C3AF90A0045F367 /* odoo-debug Extension */,
			);
		};
/* End PBXProject section */

/* Begin PBXResourcesBuildPhase section */
		13F9CB582C3AF9090045F367 /* Resources */ = {
			isa = PBXResourcesBuildPhase;
			buildActionMask = 2147483647;
			files = (
				13F9CB642C3AF9090045F367 /* Icon.png in Resources */,
				13F9CB682C3AF9090045F367 /* Script.js in Resources */,
				13F9CB622C3AF9090045F367 /* Base in Resources */,
				13F9CB662C3AF9090045F367 /* Style.css in Resources */,
				136338122C418DAD00B3CD26 /* Assets.xcassets in Resources */,
				13F9CB6D2C3AF9090045F367 /* Base in Resources */,
			);
			runOnlyForDeploymentPostprocessing = 0;
		};
		13F9CB742C3AF90A0045F367 /* Resources */ = {
			isa = PBXResourcesBuildPhase;
			buildActionMask = 2147483647;
			files = (
				13F9CB852C3AF90A0045F367 /* background.js in Resources */,
				13F9CB8B2C3AF90A0045F367 /* popup.css in Resources */,
				13F9CB892C3AF90A0045F367 /* popup.html in Resources */,
				13F9CB812C3AF90A0045F367 /* images in Resources */,
				13F9CB832C3AF90A0045F367 /* manifest.json in Resources */,
				13F9CB7F2C3AF90A0045F367 /* _locales in Resources */,
				13F9CB872C3AF90A0045F367 /* login-buttons.js in Resources */,
				136338132C418FC000B3CD26 /* Assets.xcassets in Resources */,
				13F9CB8D2C3AF90A0045F367 /* popup.js in Resources */,
			);
			runOnlyForDeploymentPostprocessing = 0;
		};
/* End PBXResourcesBuildPhase section */

/* Begin PBXSourcesBuildPhase section */
		13F9CB562C3AF9090045F367 /* Sources */ = {
			isa = PBXSourcesBuildPhase;
			buildActionMask = 2147483647;
			files = (
				13F9CB6A2C3AF9090045F367 /* ViewController.swift in Sources */,
				13F9CB5E2C3AF9090045F367 /* AppDelegate.swift in Sources */,
			);
			runOnlyForDeploymentPostprocessing = 0;
		};
		13F9CB722C3AF90A0045F367 /* Sources */ = {
			isa = PBXSourcesBuildPhase;
			buildActionMask = 2147483647;
			files = (
				13F9CB7C2C3AF90A0045F367 /* SafariWebExtensionHandler.swift in Sources */,
			);
			runOnlyForDeploymentPostprocessing = 0;
		};
/* End PBXSourcesBuildPhase section */

/* Begin PBXTargetDependency section */
		13F9CB792C3AF90A0045F367 /* PBXTargetDependency */ = {
			isa = PBXTargetDependency;
			target = 13F9CB752C3AF90A0045F367 /* odoo-debug Extension */;
			targetProxy = 13F9CB782C3AF90A0045F367 /* PBXContainerItemProxy */;
		};
/* End PBXTargetDependency section */

/* Begin PBXVariantGroup section */
		13F9CB602C3AF9090045F367 /* Main.html */ = {
			isa = PBXVariantGroup;
			children = (
				13F9CB612C3AF9090045F367 /* Base */,
			);
			name = Main.html;
			sourceTree = "<group>";
		};
		13F9CB6B2C3AF9090045F367 /* Main.storyboard */ = {
			isa = PBXVariantGroup;
			children = (
				13F9CB6C2C3AF9090045F367 /* Base */,
			);
			name = Main.storyboard;
			sourceTree = "<group>";
		};
/* End PBXVariantGroup section */

/* Begin XCBuildConfiguration section */
		13F9CB902C3AF90A0045F367 /* Debug */ = {
			isa = XCBuildConfiguration;
			buildSettings = {
				ALWAYS_SEARCH_USER_PATHS = NO;
				ASSETCATALOG_COMPILER_GENERATE_SWIFT_ASSET_SYMBOL_EXTENSIONS = YES;
				CLANG_ANALYZER_NONNULL = YES;
				CLANG_ANALYZER_NUMBER_OBJECT_CONVERSION = YES_AGGRESSIVE;
				CLANG_CXX_LANGUAGE_STANDARD = "gnu++20";
				CLANG_ENABLE_MODULES = YES;
				CLANG_ENABLE_OBJC_ARC = YES;
				CLANG_ENABLE_OBJC_WEAK = YES;
				CLANG_WARN_BLOCK_CAPTURE_AUTORELEASING = YES;
				CLANG_WARN_BOOL_CONVERSION = YES;
				CLANG_WARN_COMMA = YES;
				CLANG_WARN_CONSTANT_CONVERSION = YES;
				CLANG_WARN_DEPRECATED_OBJC_IMPLEMENTATIONS = YES;
				CLANG_WARN_DIRECT_OBJC_ISA_USAGE = YES_ERROR;
				CLANG_WARN_DOCUMENTATION_COMMENTS = YES;
				CLANG_WARN_EMPTY_BODY = YES;
				CLANG_WARN_ENUM_CONVERSION = YES;
				CLANG_WARN_INFINITE_RECURSION = YES;
				CLANG_WARN_INT_CONVERSION = YES;
				CLANG_WARN_NON_LITERAL_NULL_CONVERSION = YES;
				CLANG_WARN_OBJC_IMPLICIT_RETAIN_SELF = YES;
				CLANG_WARN_OBJC_LITERAL_CONVERSION = YES;
				CLANG_WARN_OBJC_ROOT_CLASS = YES_ERROR;
				CLANG_WARN_QUOTED_INCLUDE_IN_FRAMEWORK_HEADER = YES;
				CLANG_WARN_RANGE_LOOP_ANALYSIS = YES;
				CLANG_WARN_STRICT_PROTOTYPES = YES;
				CLANG_WARN_SUSPICIOUS_MOVE = YES;
				CLANG_WARN_UNGUARDED_AVAILABILITY = YES_AGGRESSIVE;
				CLANG_WARN_UNREACHABLE_CODE = YES;
				CLANG_WARN__DUPLICATE_METHOD_MATCH = YES;
				COPY_PHASE_STRIP = NO;
				DEBUG_INFORMATION_FORMAT = dwarf;
				ENABLE_STRICT_OBJC_MSGSEND = YES;
				ENABLE_TESTABILITY = YES;
				ENABLE_USER_SCRIPT_SANDBOXING = YES;
				GCC_C_LANGUAGE_STANDARD = gnu17;
				GCC_DYNAMIC_NO_PIC = NO;
				GCC_NO_COMMON_BLOCKS = YES;
				GCC_OPTIMIZATION_LEVEL = 0;
				GCC_PREPROCESSOR_DEFINITIONS = (
					"DEBUG=1",
					"$(inherited)",
				);
				GCC_WARN_64_TO_32_BIT_CONVERSION = YES;
				GCC_WARN_ABOUT_RETURN_TYPE = YES_ERROR;
				GCC_WARN_UNDECLARED_SELECTOR = YES;
				GCC_WARN_UNINITIALIZED_AUTOS = YES_AGGRESSIVE;
				GCC_WARN_UNUSED_FUNCTION = YES;
				GCC_WARN_UNUSED_VARIABLE = YES;
				LOCALIZATION_PREFERS_STRING_CATALOGS = YES;
				MACOSX_DEPLOYMENT_TARGET = 14.5;
				MTL_ENABLE_DEBUG_INFO = INCLUDE_SOURCE;
				MTL_FAST_MATH = YES;
				ONLY_ACTIVE_ARCH = YES;
				SDKROOT = macosx;
				SWIFT_ACTIVE_COMPILATION_CONDITIONS = "DEBUG $(inherited)";
				SWIFT_OPTIMIZATION_LEVEL = "-Onone";
			};
			name = Debug;
		};
		13F9CB912C3AF90A0045F367 /* Release */ = {
			isa = XCBuildConfiguration;
			buildSettings = {
				ALWAYS_SEARCH_USER_PATHS = NO;
				ASSETCATALOG_COMPILER_GENERATE_SWIFT_ASSET_SYMBOL_EXTENSIONS = YES;
				CLANG_ANALYZER_NONNULL = YES;
				CLANG_ANALYZER_NUMBER_OBJECT_CONVERSION = YES_AGGRESSIVE;
				CLANG_CXX_LANGUAGE_STANDARD = "gnu++20";
				CLANG_ENABLE_MODULES = YES;
				CLANG_ENABLE_OBJC_ARC = YES;
				CLANG_ENABLE_OBJC_WEAK = YES;
				CLANG_WARN_BLOCK_CAPTURE_AUTORELEASING = YES;
				CLANG_WARN_BOOL_CONVERSION = YES;
				CLANG_WARN_COMMA = YES;
				CLANG_WARN_CONSTANT_CONVERSION = YES;
				CLANG_WARN_DEPRECATED_OBJC_IMPLEMENTATIONS = YES;
				CLANG_WARN_DIRECT_OBJC_ISA_USAGE = YES_ERROR;
				CLANG_WARN_DOCUMENTATION_COMMENTS = YES;
				CLANG_WARN_EMPTY_BODY = YES;
				CLANG_WARN_ENUM_CONVERSION = YES;
				CLANG_WARN_INFINITE_RECURSION = YES;
				CLANG_WARN_INT_CONVERSION = YES;
				CLANG_WARN_NON_LITERAL_NULL_CONVERSION = YES;
				CLANG_WARN_OBJC_IMPLICIT_RETAIN_SELF = YES;
				CLANG_WARN_OBJC_LITERAL_CONVERSION = YES;
				CLANG_WARN_OBJC_ROOT_CLASS = YES_ERROR;
				CLANG_WARN_QUOTED_INCLUDE_IN_FRAMEWORK_HEADER = YES;
				CLANG_WARN_RANGE_LOOP_ANALYSIS = YES;
				CLANG_WARN_STRICT_PROTOTYPES = YES;
				CLANG_WARN_SUSPICIOUS_MOVE = YES;
				CLANG_WARN_UNGUARDED_AVAILABILITY = YES_AGGRESSIVE;
				CLANG_WARN_UNREACHABLE_CODE = YES;
				CLANG_WARN__DUPLICATE_METHOD_MATCH = YES;
				COPY_PHASE_STRIP = NO;
				DEBUG_INFORMATION_FORMAT = "dwarf-with-dsym";
				ENABLE_NS_ASSERTIONS = NO;
				ENABLE_STRICT_OBJC_MSGSEND = YES;
				ENABLE_USER_SCRIPT_SANDBOXING = YES;
				GCC_C_LANGUAGE_STANDARD = gnu17;
				GCC_NO_COMMON_BLOCKS = YES;
				GCC_WARN_64_TO_32_BIT_CONVERSION = YES;
				GCC_WARN_ABOUT_RETURN_TYPE = YES_ERROR;
				GCC_WARN_UNDECLARED_SELECTOR = YES;
				GCC_WARN_UNINITIALIZED_AUTOS = YES_AGGRESSIVE;
				GCC_WARN_UNUSED_FUNCTION = YES;
				GCC_WARN_UNUSED_VARIABLE = YES;
				LOCALIZATION_PREFERS_STRING_CATALOGS = YES;
				MACOSX_DEPLOYMENT_TARGET = 14.5;
				MTL_ENABLE_DEBUG_INFO = NO;
				MTL_FAST_MATH = YES;
				SDKROOT = macosx;
				SWIFT_COMPILATION_MODE = wholemodule;
			};
			name = Release;
		};
		13F9CB932C3AF90A0045F367 /* Debug */ = {
			isa = XCBuildConfiguration;
			buildSettings = {
				CODE_SIGN_ENTITLEMENTS = "odoo-debug Extension/odoo_debug_Extension.entitlements";
				CODE_SIGN_STYLE = Automatic;
				CURRENT_PROJECT_VERSION = 1;
				ENABLE_HARDENED_RUNTIME = YES;
				GENERATE_INFOPLIST_FILE = YES;
				INFOPLIST_FILE = "odoo-debug Extension/Info.plist";
				INFOPLIST_KEY_CFBundleDisplayName = "odoo-debug Extension";
				INFOPLIST_KEY_NSHumanReadableCopyright = "";
				LD_RUNPATH_SEARCH_PATHS = (
					"$(inherited)",
					"@executable_path/../Frameworks",
					"@executable_path/../../../../Frameworks",
				);
				MACOSX_DEPLOYMENT_TARGET = 10.14;
				MARKETING_VERSION = 1.0;
				OTHER_LDFLAGS = (
					"-framework",
					SafariServices,
				);
				PRODUCT_BUNDLE_IDENTIFIER = "com.odoo.odoo-debug.Extension";
				PRODUCT_NAME = "$(TARGET_NAME)";
				SKIP_INSTALL = YES;
				SWIFT_EMIT_LOC_STRINGS = YES;
				SWIFT_VERSION = 5.0;
			};
			name = Debug;
		};
		13F9CB942C3AF90A0045F367 /* Release */ = {
			isa = XCBuildConfiguration;
			buildSettings = {
				CODE_SIGN_ENTITLEMENTS = "odoo-debug Extension/odoo_debug_Extension.entitlements";
				CODE_SIGN_STYLE = Automatic;
				CURRENT_PROJECT_VERSION = 1;
				ENABLE_HARDENED_RUNTIME = YES;
				GENERATE_INFOPLIST_FILE = YES;
				INFOPLIST_FILE = "odoo-debug Extension/Info.plist";
				INFOPLIST_KEY_CFBundleDisplayName = "odoo-debug Extension";
				INFOPLIST_KEY_NSHumanReadableCopyright = "";
				LD_RUNPATH_SEARCH_PATHS = (
					"$(inherited)",
					"@executable_path/../Frameworks",
					"@executable_path/../../../../Frameworks",
				);
				MACOSX_DEPLOYMENT_TARGET = 10.14;
				MARKETING_VERSION = 1.0;
				OTHER_LDFLAGS = (
					"-framework",
					SafariServices,
				);
				PRODUCT_BUNDLE_IDENTIFIER = "com.odoo.odoo-debug.Extension";
				PRODUCT_NAME = "$(TARGET_NAME)";
				SKIP_INSTALL = YES;
				SWIFT_EMIT_LOC_STRINGS = YES;
				SWIFT_VERSION = 5.0;
			};
			name = Release;
		};
		13F9CB972C3AF90A0045F367 /* Debug */ = {
			isa = XCBuildConfiguration;
			buildSettings = {
				ALWAYS_EMBED_SWIFT_STANDARD_LIBRARIES = YES;
				ASSETCATALOG_COMPILER_APPICON_NAME = AppIcon;
				"ASSETCATALOG_COMPILER_APPICON_NAME[sdk=macosx*]" = AppIcon;
				ASSETCATALOG_COMPILER_GLOBAL_ACCENT_COLOR_NAME = AccentColor;
				ASSETCATALOG_COMPILER_INCLUDE_ALL_APPICON_ASSETS = YES;
				CODE_SIGN_ENTITLEMENTS = "odoo-debug/odoo-debug.entitlements";
				CODE_SIGN_STYLE = Automatic;
				COMBINE_HIDPI_IMAGES = YES;
				CURRENT_PROJECT_VERSION = 1;
				ENABLE_HARDENED_RUNTIME = YES;
				GENERATE_INFOPLIST_FILE = YES;
				INFOPLIST_KEY_CFBundleDisplayName = "Odoo Debug";
				INFOPLIST_KEY_LSApplicationCategoryType = "public.app-category.developer-tools";
				INFOPLIST_KEY_NSHumanReadableCopyright = "";
				INFOPLIST_KEY_NSMainStoryboardFile = Main;
				INFOPLIST_KEY_NSPrincipalClass = NSApplication;
				LD_RUNPATH_SEARCH_PATHS = (
					"$(inherited)",
					"@executable_path/../Frameworks",
				);
				MACOSX_DEPLOYMENT_TARGET = 10.14;
				MARKETING_VERSION = 1.0;
				OTHER_LDFLAGS = (
					"-framework",
					SafariServices,
					"-framework",
					WebKit,
				);
				PRODUCT_BUNDLE_IDENTIFIER = "com.odoo.odoo-debug";
				PRODUCT_NAME = "$(TARGET_NAME)";
				SWIFT_EMIT_LOC_STRINGS = YES;
				SWIFT_VERSION = 5.0;
			};
			name = Debug;
		};
		13F9CB982C3AF90A0045F367 /* Release */ = {
			isa = XCBuildConfiguration;
			buildSettings = {
				ALWAYS_EMBED_SWIFT_STANDARD_LIBRARIES = YES;
				ASSETCATALOG_COMPILER_APPICON_NAME = AppIcon;
				ASSETCATALOG_COMPILER_GLOBAL_ACCENT_COLOR_NAME = AccentColor;
				ASSETCATALOG_COMPILER_INCLUDE_ALL_APPICON_ASSETS = YES;
				CODE_SIGN_ENTITLEMENTS = "odoo-debug/odoo-debug.entitlements";
				CODE_SIGN_STYLE = Automatic;
				COMBINE_HIDPI_IMAGES = YES;
				CURRENT_PROJECT_VERSION = 1;
				ENABLE_HARDENED_RUNTIME = YES;
				GENERATE_INFOPLIST_FILE = YES;
				INFOPLIST_KEY_CFBundleDisplayName = "Odoo Debug";
				INFOPLIST_KEY_LSApplicationCategoryType = "public.app-category.developer-tools";
				INFOPLIST_KEY_NSHumanReadableCopyright = "";
				INFOPLIST_KEY_NSMainStoryboardFile = Main;
				INFOPLIST_KEY_NSPrincipalClass = NSApplication;
				LD_RUNPATH_SEARCH_PATHS = (
					"$(inherited)",
					"@executable_path/../Frameworks",
				);
				MACOSX_DEPLOYMENT_TARGET = 10.14;
				MARKETING_VERSION = 1.0;
				OTHER_LDFLAGS = (
					"-framework",
					SafariServices,
					"-framework",
					WebKit,
				);
				PRODUCT_BUNDLE_IDENTIFIER = "com.odoo.odoo-debug";
				PRODUCT_NAME = "$(TARGET_NAME)";
				SWIFT_EMIT_LOC_STRINGS = YES;
				SWIFT_VERSION = 5.0;
			};
			name = Release;
		};
/* End XCBuildConfiguration section */

/* Begin XCConfigurationList section */
		13F9CB552C3AF9090045F367 /* Build configuration list for PBXProject "odoo-debug" */ = {
			isa = XCConfigurationList;
			buildConfigurations = (
				13F9CB902C3AF90A0045F367 /* Debug */,
				13F9CB912C3AF90A0045F367 /* Release */,
			);
			defaultConfigurationIsVisible = 0;
			defaultConfigurationName = Release;
		};
		13F9CB922C3AF90A0045F367 /* Build configuration list for PBXNativeTarget "odoo-debug Extension" */ = {
			isa = XCConfigurationList;
			buildConfigurations = (
				13F9CB932C3AF90A0045F367 /* Debug */,
				13F9CB942C3AF90A0045F367 /* Release */,
			);
			defaultConfigurationIsVisible = 0;
			defaultConfigurationName = Release;
		};
		13F9CB962C3AF90A0045F367 /* Build configuration list for PBXNativeTarget "odoo-debug" */ = {
			isa = XCConfigurationList;
			buildConfigurations = (
				13F9CB972C3AF90A0045F367 /* Debug */,
				13F9CB982C3AF90A0045F367 /* Release */,
			);
			defaultConfigurationIsVisible = 0;
			defaultConfigurationName = Release;
		};
/* End XCConfigurationList section */
	};
	rootObject = 13F9CB522C3AF9090045F367 /* Project object */;
}
